// !$*UTF8*$!
{
	archiveVersion = 1;
	classes = {
	};
	objectVersion = 55;
	objects = {

/* Begin PBXBuildFile section */
		DC06B65D28DCC8570014BA61 /* messageSendPrivate._key in Resources */ = {isa = PBXBuildFile; fileRef = DC06B65B28DCC8570014BA61 /* messageSendPrivate._key */; };
		DC06B65E28DCC8570014BA61 /* messageSendPublic._key in Resources */ = {isa = PBXBuildFile; fileRef = DC06B65C28DCC8570014BA61 /* messageSendPublic._key */; };
		DC0BE6A128BFE39500EA339D /* TabItem.swift in Sources */ = {isa = PBXBuildFile; fileRef = DC0BE6A028BFE39500EA339D /* TabItem.swift */; };
		DC0BE6A428C0329800EA339D /* LoginOptions.swift in Sources */ = {isa = PBXBuildFile; fileRef = DC0BE6A328C0329800EA339D /* LoginOptions.swift */; };
		DC0BE6A628C0330200EA339D /* AuthenticationType.swift in Sources */ = {isa = PBXBuildFile; fileRef = DC0BE6A528C0330200EA339D /* AuthenticationType.swift */; };
		DC0BE6AA28C04ED100EA339D /* AuthenticationServices.framework in Frameworks */ = {isa = PBXBuildFile; fileRef = DC0BE6A928C04ED100EA339D /* AuthenticationServices.framework */; };
		DC0C9FE828B9497300E1F08A /* Lottie in Frameworks */ = {isa = PBXBuildFile; productRef = DC0C9FE728B9497300E1F08A /* Lottie */; };
		DC0CA01128B94A4000E1F08A /* MainView.swift in Sources */ = {isa = PBXBuildFile; fileRef = DC0C9FE928B94A4000E1F08A /* MainView.swift */; };
		DC0CA01328B94A4000E1F08A /* AnalyticsUtil.swift in Sources */ = {isa = PBXBuildFile; fileRef = DC0C9FEC28B94A4000E1F08A /* AnalyticsUtil.swift */; };
		DC0CA01428B94A4000E1F08A /* NavigationUtil.swift in Sources */ = {isa = PBXBuildFile; fileRef = DC0C9FED28B94A4000E1F08A /* NavigationUtil.swift */; };
		DC0CA01528B94A4000E1F08A /* AppError.swift in Sources */ = {isa = PBXBuildFile; fileRef = DC0C9FEE28B94A4000E1F08A /* AppError.swift */; };
		DC0CA01628B94A4000E1F08A /* ExamplePostsService.swift in Sources */ = {isa = PBXBuildFile; fileRef = DC0C9FF028B94A4000E1F08A /* ExamplePostsService.swift */; };
		DC0CA01728B94A4000E1F08A /* ExampleAuthService.swift in Sources */ = {isa = PBXBuildFile; fileRef = DC0C9FF128B94A4000E1F08A /* ExampleAuthService.swift */; };
		DC0CA01828B94A4000E1F08A /* loading.json in Resources */ = {isa = PBXBuildFile; fileRef = DC0C9FF328B94A4000E1F08A /* loading.json */; };
		DC0CA01928B94A4000E1F08A /* UIApplication+.swift in Sources */ = {isa = PBXBuildFile; fileRef = DC0C9FF528B94A4000E1F08A /* UIApplication+.swift */; };
		DC0CA01A28B94A4000E1F08A /* UINavigationContoller+.swift in Sources */ = {isa = PBXBuildFile; fileRef = DC0C9FF628B94A4000E1F08A /* UINavigationContoller+.swift */; };
		DC0CA01B28B94A4000E1F08A /* String+.swift in Sources */ = {isa = PBXBuildFile; fileRef = DC0C9FF728B94A4000E1F08A /* String+.swift */; };
		DC0CA01C28B94A4000E1F08A /* View+.swift in Sources */ = {isa = PBXBuildFile; fileRef = DC0C9FF828B94A4000E1F08A /* View+.swift */; };
		DC0CA01D28B94A4000E1F08A /* Array+.swift in Sources */ = {isa = PBXBuildFile; fileRef = DC0C9FF928B94A4000E1F08A /* Array+.swift */; };
		DC0CA01E28B94A4000E1F08A /* Styles.swift in Sources */ = {isa = PBXBuildFile; fileRef = DC0C9FFB28B94A4000E1F08A /* Styles.swift */; };
		DC0CA01F28B94A4000E1F08A /* PageControl.swift in Sources */ = {isa = PBXBuildFile; fileRef = DC0C9FFD28B94A4000E1F08A /* PageControl.swift */; };
		DC0CA02028B94A4000E1F08A /* WalkThroughContainerView.swift in Sources */ = {isa = PBXBuildFile; fileRef = DC0C9FFE28B94A4000E1F08A /* WalkThroughContainerView.swift */; };
		DC0CA02128B94A4000E1F08A /* PageViewController.swift in Sources */ = {isa = PBXBuildFile; fileRef = DC0C9FFF28B94A4000E1F08A /* PageViewController.swift */; };
		DC0CA02228B94A4000E1F08A /* PageView.swift in Sources */ = {isa = PBXBuildFile; fileRef = DC0CA00028B94A4000E1F08A /* PageView.swift */; };
		DC0CA02328B94A4000E1F08A /* ExamplePostsView.swift in Sources */ = {isa = PBXBuildFile; fileRef = DC0CA00228B94A4000E1F08A /* ExamplePostsView.swift */; };
		DC0CA02428B94A4000E1F08A /* AppAlertView.swift in Sources */ = {isa = PBXBuildFile; fileRef = DC0CA00428B94A4000E1F08A /* AppAlertView.swift */; };
		DC0CA02528B94A4000E1F08A /* ImagePicker.swift in Sources */ = {isa = PBXBuildFile; fileRef = DC0CA00528B94A4000E1F08A /* ImagePicker.swift */; };
		DC0CA02628B94A4000E1F08A /* WebView.swift in Sources */ = {isa = PBXBuildFile; fileRef = DC0CA00628B94A4000E1F08A /* WebView.swift */; };
		DC0CA02728B94A4000E1F08A /* LottieView.swift in Sources */ = {isa = PBXBuildFile; fileRef = DC0CA00728B94A4000E1F08A /* LottieView.swift */; };
		DC0CA02828B94A4000E1F08A /* TextFieldAlertView.swift in Sources */ = {isa = PBXBuildFile; fileRef = DC0CA00828B94A4000E1F08A /* TextFieldAlertView.swift */; };
		DC0CA02928B94A4000E1F08A /* ExamplePostRepository.swift in Sources */ = {isa = PBXBuildFile; fileRef = DC0CA00A28B94A4000E1F08A /* ExamplePostRepository.swift */; };
		DC0CA02A28B94A4000E1F08A /* Preview Assets.xcassets in Resources */ = {isa = PBXBuildFile; fileRef = DC0CA00C28B94A4000E1F08A /* Preview Assets.xcassets */; };
		DC0CA02B28B94A4000E1F08A /* Localizable.strings in Resources */ = {isa = PBXBuildFile; fileRef = DC0CA00E28B94A4000E1F08A /* Localizable.strings */; };
		DC0CA02E28B9568D00E1F08A /* ExampleAppConstants.swift in Sources */ = {isa = PBXBuildFile; fileRef = DC0CA02D28B9568D00E1F08A /* ExampleAppConstants.swift */; };
		DC6357FD28B06714002D53FB /* ExampleApp.swift in Sources */ = {isa = PBXBuildFile; fileRef = DC6357FC28B06714002D53FB /* ExampleApp.swift */; };
		DC6357FF28B06714002D53FB /* ContentView.swift in Sources */ = {isa = PBXBuildFile; fileRef = DC6357FE28B06714002D53FB /* ContentView.swift */; };
		DC63580128B06716002D53FB /* Assets.xcassets in Resources */ = {isa = PBXBuildFile; fileRef = DC63580028B06716002D53FB /* Assets.xcassets */; };
		DC8EAE4A28B99E8F0046228F /* ExampleFUser.swift in Sources */ = {isa = PBXBuildFile; fileRef = DC8EAE4928B99E8F0046228F /* ExampleFUser.swift */; };
		DC8EAE4C28B9D2CE0046228F /* AuthView.swift in Sources */ = {isa = PBXBuildFile; fileRef = DC8EAE4B28B9D2CE0046228F /* AuthView.swift */; };
		DC8EAE5028B9D53A0046228F /* AuthForm.swift in Sources */ = {isa = PBXBuildFile; fileRef = DC8EAE4F28B9D53A0046228F /* AuthForm.swift */; };
		DC8EAE5228B9D64A0046228F /* SignInAppleButton.swift in Sources */ = {isa = PBXBuildFile; fileRef = DC8EAE5128B9D64A0046228F /* SignInAppleButton.swift */; };
		DC8EAE5428BA8EF10046228F /* ExamplePost.swift in Sources */ = {isa = PBXBuildFile; fileRef = DC8EAE5328BA8EF10046228F /* ExamplePost.swift */; };
		DC8EAE5628BA8F870046228F /* ExamplePostService.swift in Sources */ = {isa = PBXBuildFile; fileRef = DC8EAE5528BA8F870046228F /* ExamplePostService.swift */; };
		DCDB7B8428B45CF800B42A53 /* Firappuccino in Frameworks */ = {isa = PBXBuildFile; productRef = DCDB7B8328B45CF800B42A53 /* Firappuccino */; };
		DCDB7B8728B491A500B42A53 /* GoogleService-Info.plist in Resources */ = {isa = PBXBuildFile; fileRef = DCDB7B8628B491A400B42A53 /* GoogleService-Info.plist */; };
		DCE6C2B028BD4D8500B9263C /* ExamplePostsRandomAccessListView.swift in Sources */ = {isa = PBXBuildFile; fileRef = DCE6C2AF28BD4D8500B9263C /* ExamplePostsRandomAccessListView.swift */; };
		DCE6C2B228BD4EAC00B9263C /* ExamplePostRow.swift in Sources */ = {isa = PBXBuildFile; fileRef = DCE6C2B128BD4EAC00B9263C /* ExamplePostRow.swift */; };
		DCE6C2B428BD4ED600B9263C /* ExamplePostDetailView.swift in Sources */ = {isa = PBXBuildFile; fileRef = DCE6C2B328BD4ED600B9263C /* ExamplePostDetailView.swift */; };
		DCE6C2B628BD68D600B9263C /* VisualEffectBlur.swift in Sources */ = {isa = PBXBuildFile; fileRef = DCE6C2B528BD68D600B9263C /* VisualEffectBlur.swift */; };
		DCE6C2B828BD902300B9263C /* FloatingActionButton.swift in Sources */ = {isa = PBXBuildFile; fileRef = DCE6C2B728BD902300B9263C /* FloatingActionButton.swift */; };
		DCE6C2BB28BDAEAC00B9263C /* ExampleUserProfile.swift in Sources */ = {isa = PBXBuildFile; fileRef = DCE6C2BA28BDAEAC00B9263C /* ExampleUserProfile.swift */; };
		DCE6C2BD28BDB09000B9263C /* MainTabView.swift in Sources */ = {isa = PBXBuildFile; fileRef = DCE6C2BC28BDB09000B9263C /* MainTabView.swift */; };
/* End PBXBuildFile section */

/* Begin PBXFileReference section */
		DC06B65B28DCC8570014BA61 /* messageSendPrivate._key */ = {isa = PBXFileReference; fileEncoding = 4; lastKnownFileType = text; path = messageSendPrivate._key; sourceTree = "<group>"; };
		DC06B65C28DCC8570014BA61 /* messageSendPublic._key */ = {isa = PBXFileReference; fileEncoding = 4; lastKnownFileType = text; path = messageSendPublic._key; sourceTree = "<group>"; };
		DC0BE6A028BFE39500EA339D /* TabItem.swift */ = {isa = PBXFileReference; lastKnownFileType = sourcecode.swift; path = TabItem.swift; sourceTree = "<group>"; };
		DC0BE6A328C0329800EA339D /* LoginOptions.swift */ = {isa = PBXFileReference; lastKnownFileType = sourcecode.swift; path = LoginOptions.swift; sourceTree = "<group>"; };
		DC0BE6A528C0330200EA339D /* AuthenticationType.swift */ = {isa = PBXFileReference; lastKnownFileType = sourcecode.swift; path = AuthenticationType.swift; sourceTree = "<group>"; };
		DC0BE6A828C04EB200EA339D /* Firappuccino-ExampleApp.entitlements */ = {isa = PBXFileReference; lastKnownFileType = text.plist.entitlements; path = "Firappuccino-ExampleApp.entitlements"; sourceTree = "<group>"; };
		DC0BE6A928C04ED100EA339D /* AuthenticationServices.framework */ = {isa = PBXFileReference; lastKnownFileType = wrapper.framework; name = AuthenticationServices.framework; path = System/Library/Frameworks/AuthenticationServices.framework; sourceTree = SDKROOT; };
		DC0C9FE928B94A4000E1F08A /* MainView.swift */ = {isa = PBXFileReference; fileEncoding = 4; lastKnownFileType = sourcecode.swift; path = MainView.swift; sourceTree = "<group>"; };
		DC0C9FEC28B94A4000E1F08A /* AnalyticsUtil.swift */ = {isa = PBXFileReference; fileEncoding = 4; lastKnownFileType = sourcecode.swift; path = AnalyticsUtil.swift; sourceTree = "<group>"; };
		DC0C9FED28B94A4000E1F08A /* NavigationUtil.swift */ = {isa = PBXFileReference; fileEncoding = 4; lastKnownFileType = sourcecode.swift; path = NavigationUtil.swift; sourceTree = "<group>"; };
		DC0C9FEE28B94A4000E1F08A /* AppError.swift */ = {isa = PBXFileReference; fileEncoding = 4; lastKnownFileType = sourcecode.swift; path = AppError.swift; sourceTree = "<group>"; };
		DC0C9FF028B94A4000E1F08A /* ExamplePostsService.swift */ = {isa = PBXFileReference; fileEncoding = 4; lastKnownFileType = sourcecode.swift; path = ExamplePostsService.swift; sourceTree = "<group>"; };
		DC0C9FF128B94A4000E1F08A /* ExampleAuthService.swift */ = {isa = PBXFileReference; fileEncoding = 4; lastKnownFileType = sourcecode.swift; path = ExampleAuthService.swift; sourceTree = "<group>"; };
		DC0C9FF328B94A4000E1F08A /* loading.json */ = {isa = PBXFileReference; fileEncoding = 4; lastKnownFileType = text.json; path = loading.json; sourceTree = "<group>"; };
		DC0C9FF528B94A4000E1F08A /* UIApplication+.swift */ = {isa = PBXFileReference; fileEncoding = 4; lastKnownFileType = sourcecode.swift; path = "UIApplication+.swift"; sourceTree = "<group>"; };
		DC0C9FF628B94A4000E1F08A /* UINavigationContoller+.swift */ = {isa = PBXFileReference; fileEncoding = 4; lastKnownFileType = sourcecode.swift; path = "UINavigationContoller+.swift"; sourceTree = "<group>"; };
		DC0C9FF728B94A4000E1F08A /* String+.swift */ = {isa = PBXFileReference; fileEncoding = 4; lastKnownFileType = sourcecode.swift; path = "String+.swift"; sourceTree = "<group>"; };
		DC0C9FF828B94A4000E1F08A /* View+.swift */ = {isa = PBXFileReference; fileEncoding = 4; lastKnownFileType = sourcecode.swift; path = "View+.swift"; sourceTree = "<group>"; };
		DC0C9FF928B94A4000E1F08A /* Array+.swift */ = {isa = PBXFileReference; fileEncoding = 4; lastKnownFileType = sourcecode.swift; path = "Array+.swift"; sourceTree = "<group>"; };
		DC0C9FFB28B94A4000E1F08A /* Styles.swift */ = {isa = PBXFileReference; fileEncoding = 4; lastKnownFileType = sourcecode.swift; path = Styles.swift; sourceTree = "<group>"; };
		DC0C9FFD28B94A4000E1F08A /* PageControl.swift */ = {isa = PBXFileReference; fileEncoding = 4; lastKnownFileType = sourcecode.swift; path = PageControl.swift; sourceTree = "<group>"; };
		DC0C9FFE28B94A4000E1F08A /* WalkThroughContainerView.swift */ = {isa = PBXFileReference; fileEncoding = 4; lastKnownFileType = sourcecode.swift; path = WalkThroughContainerView.swift; sourceTree = "<group>"; };
		DC0C9FFF28B94A4000E1F08A /* PageViewController.swift */ = {isa = PBXFileReference; fileEncoding = 4; lastKnownFileType = sourcecode.swift; path = PageViewController.swift; sourceTree = "<group>"; };
		DC0CA00028B94A4000E1F08A /* PageView.swift */ = {isa = PBXFileReference; fileEncoding = 4; lastKnownFileType = sourcecode.swift; path = PageView.swift; sourceTree = "<group>"; };
		DC0CA00228B94A4000E1F08A /* ExamplePostsView.swift */ = {isa = PBXFileReference; fileEncoding = 4; lastKnownFileType = sourcecode.swift; path = ExamplePostsView.swift; sourceTree = "<group>"; };
		DC0CA00428B94A4000E1F08A /* AppAlertView.swift */ = {isa = PBXFileReference; fileEncoding = 4; lastKnownFileType = sourcecode.swift; path = AppAlertView.swift; sourceTree = "<group>"; };
		DC0CA00528B94A4000E1F08A /* ImagePicker.swift */ = {isa = PBXFileReference; fileEncoding = 4; lastKnownFileType = sourcecode.swift; path = ImagePicker.swift; sourceTree = "<group>"; };
		DC0CA00628B94A4000E1F08A /* WebView.swift */ = {isa = PBXFileReference; fileEncoding = 4; lastKnownFileType = sourcecode.swift; path = WebView.swift; sourceTree = "<group>"; };
		DC0CA00728B94A4000E1F08A /* LottieView.swift */ = {isa = PBXFileReference; fileEncoding = 4; lastKnownFileType = sourcecode.swift; path = LottieView.swift; sourceTree = "<group>"; };
		DC0CA00828B94A4000E1F08A /* TextFieldAlertView.swift */ = {isa = PBXFileReference; fileEncoding = 4; lastKnownFileType = sourcecode.swift; path = TextFieldAlertView.swift; sourceTree = "<group>"; };
		DC0CA00A28B94A4000E1F08A /* ExamplePostRepository.swift */ = {isa = PBXFileReference; fileEncoding = 4; lastKnownFileType = sourcecode.swift; path = ExamplePostRepository.swift; sourceTree = "<group>"; };
		DC0CA00C28B94A4000E1F08A /* Preview Assets.xcassets */ = {isa = PBXFileReference; lastKnownFileType = folder.assetcatalog; path = "Preview Assets.xcassets"; sourceTree = "<group>"; };
		DC0CA00F28B94A4000E1F08A /* en */ = {isa = PBXFileReference; lastKnownFileType = text.plist.strings; name = en; path = en.lproj/Localizable.strings; sourceTree = "<group>"; };
		DC0CA01028B94A4000E1F08A /* Assets.xcassets */ = {isa = PBXFileReference; lastKnownFileType = folder.assetcatalog; path = Assets.xcassets; sourceTree = "<group>"; };
		DC0CA02D28B9568D00E1F08A /* ExampleAppConstants.swift */ = {isa = PBXFileReference; fileEncoding = 4; lastKnownFileType = sourcecode.swift; path = ExampleAppConstants.swift; sourceTree = "<group>"; };
		DC32284728B4286A0099F6BE /* Info.plist */ = {isa = PBXFileReference; lastKnownFileType = text.plist; path = Info.plist; sourceTree = "<group>"; };
		DC6357F928B06714002D53FB /* Firappuccino-ExampleApp.app */ = {isa = PBXFileReference; explicitFileType = wrapper.application; includeInIndex = 0; path = "Firappuccino-ExampleApp.app"; sourceTree = BUILT_PRODUCTS_DIR; };
		DC6357FC28B06714002D53FB /* ExampleApp.swift */ = {isa = PBXFileReference; lastKnownFileType = sourcecode.swift; path = ExampleApp.swift; sourceTree = "<group>"; };
		DC6357FE28B06714002D53FB /* ContentView.swift */ = {isa = PBXFileReference; lastKnownFileType = sourcecode.swift; path = ContentView.swift; sourceTree = "<group>"; };
		DC63580028B06716002D53FB /* Assets.xcassets */ = {isa = PBXFileReference; lastKnownFileType = folder.assetcatalog; path = Assets.xcassets; sourceTree = "<group>"; };
		DC63580328B06716002D53FB /* Preview Assets.xcassets */ = {isa = PBXFileReference; lastKnownFileType = folder.assetcatalog; path = "Preview Assets.xcassets"; sourceTree = "<group>"; };
		DC8EAE4928B99E8F0046228F /* ExampleFUser.swift */ = {isa = PBXFileReference; lastKnownFileType = sourcecode.swift; path = ExampleFUser.swift; sourceTree = "<group>"; };
		DC8EAE4B28B9D2CE0046228F /* AuthView.swift */ = {isa = PBXFileReference; lastKnownFileType = sourcecode.swift; path = AuthView.swift; sourceTree = "<group>"; };
		DC8EAE4F28B9D53A0046228F /* AuthForm.swift */ = {isa = PBXFileReference; lastKnownFileType = sourcecode.swift; path = AuthForm.swift; sourceTree = "<group>"; };
		DC8EAE5128B9D64A0046228F /* SignInAppleButton.swift */ = {isa = PBXFileReference; fileEncoding = 4; lastKnownFileType = sourcecode.swift; path = SignInAppleButton.swift; sourceTree = "<group>"; };
		DC8EAE5328BA8EF10046228F /* ExamplePost.swift */ = {isa = PBXFileReference; lastKnownFileType = sourcecode.swift; path = ExamplePost.swift; sourceTree = "<group>"; };
		DC8EAE5528BA8F870046228F /* ExamplePostService.swift */ = {isa = PBXFileReference; lastKnownFileType = sourcecode.swift; path = ExamplePostService.swift; sourceTree = "<group>"; };
		DCA37A1128B45A39005ADEC2 /* Firappuccino */ = {isa = PBXFileReference; lastKnownFileType = wrapper; name = Firappuccino; path = ..; sourceTree = "<group>"; };
		DCDB7B8628B491A400B42A53 /* GoogleService-Info.plist */ = {isa = PBXFileReference; fileEncoding = 4; lastKnownFileType = text.plist.xml; path = "GoogleService-Info.plist"; sourceTree = "<group>"; };
		DCE6C2AF28BD4D8500B9263C /* ExamplePostsRandomAccessListView.swift */ = {isa = PBXFileReference; lastKnownFileType = sourcecode.swift; path = ExamplePostsRandomAccessListView.swift; sourceTree = "<group>"; };
		DCE6C2B128BD4EAC00B9263C /* ExamplePostRow.swift */ = {isa = PBXFileReference; lastKnownFileType = sourcecode.swift; path = ExamplePostRow.swift; sourceTree = "<group>"; };
		DCE6C2B328BD4ED600B9263C /* ExamplePostDetailView.swift */ = {isa = PBXFileReference; lastKnownFileType = sourcecode.swift; path = ExamplePostDetailView.swift; sourceTree = "<group>"; };
		DCE6C2B528BD68D600B9263C /* VisualEffectBlur.swift */ = {isa = PBXFileReference; fileEncoding = 4; lastKnownFileType = sourcecode.swift; path = VisualEffectBlur.swift; sourceTree = "<group>"; };
		DCE6C2B728BD902300B9263C /* FloatingActionButton.swift */ = {isa = PBXFileReference; fileEncoding = 4; lastKnownFileType = sourcecode.swift; path = FloatingActionButton.swift; sourceTree = "<group>"; };
		DCE6C2BA28BDAEAC00B9263C /* ExampleUserProfile.swift */ = {isa = PBXFileReference; lastKnownFileType = sourcecode.swift; path = ExampleUserProfile.swift; sourceTree = "<group>"; };
		DCE6C2BC28BDB09000B9263C /* MainTabView.swift */ = {isa = PBXFileReference; lastKnownFileType = sourcecode.swift; path = MainTabView.swift; sourceTree = "<group>"; };
/* End PBXFileReference section */

/* Begin PBXFrameworksBuildPhase section */
		DC6357F628B06714002D53FB /* Frameworks */ = {
			isa = PBXFrameworksBuildPhase;
			buildActionMask = 2147483647;
			files = (
				DC0BE6AA28C04ED100EA339D /* AuthenticationServices.framework in Frameworks */,
				DCDB7B8428B45CF800B42A53 /* Firappuccino in Frameworks */,
				DC0C9FE828B9497300E1F08A /* Lottie in Frameworks */,
			);
			runOnlyForDeploymentPostprocessing = 0;
		};
/* End PBXFrameworksBuildPhase section */

/* Begin PBXGroup section */
		DC0BE6A228BFE46600EA339D /* Helpers */ = {
			isa = PBXGroup;
			children = (
				DC0BE6A028BFE39500EA339D /* TabItem.swift */,
				DC0C9FEE28B94A4000E1F08A /* AppError.swift */,
			);
			path = Helpers;
			sourceTree = "<group>";
		};
		DC0BE6A728C0336900EA339D /* Main */ = {
			isa = PBXGroup;
			children = (
				DC0C9FE928B94A4000E1F08A /* MainView.swift */,
				DCE6C2BC28BDB09000B9263C /* MainTabView.swift */,
			);
			path = Main;
			sourceTree = "<group>";
		};
		DC0C9FEA28B94A4000E1F08A /* Utils */ = {
			isa = PBXGroup;
			children = (
				DC0C9FEC28B94A4000E1F08A /* AnalyticsUtil.swift */,
				DC0C9FED28B94A4000E1F08A /* NavigationUtil.swift */,
			);
			path = Utils;
			sourceTree = "<group>";
		};
		DC0C9FEF28B94A4000E1F08A /* Services */ = {
			isa = PBXGroup;
			children = (
				DC0C9FF028B94A4000E1F08A /* ExamplePostsService.swift */,
				DC8EAE5528BA8F870046228F /* ExamplePostService.swift */,
				DC8EAE5328BA8EF10046228F /* ExamplePost.swift */,
				DC8EAE4828B99E730046228F /* Auth */,
			);
			path = Services;
			sourceTree = "<group>";
		};
		DC0C9FF228B94A4000E1F08A /* Animations */ = {
			isa = PBXGroup;
			children = (
				DC0C9FF328B94A4000E1F08A /* loading.json */,
			);
			path = Animations;
			sourceTree = "<group>";
		};
		DC0C9FF428B94A4000E1F08A /* Extensions */ = {
			isa = PBXGroup;
			children = (
				DC0C9FF528B94A4000E1F08A /* UIApplication+.swift */,
				DC0C9FF628B94A4000E1F08A /* UINavigationContoller+.swift */,
				DC0C9FF728B94A4000E1F08A /* String+.swift */,
				DC0C9FF828B94A4000E1F08A /* View+.swift */,
				DC0C9FF928B94A4000E1F08A /* Array+.swift */,
			);
			path = Extensions;
			sourceTree = "<group>";
		};
		DC0C9FFA28B94A4000E1F08A /* Views */ = {
			isa = PBXGroup;
			children = (
				DC0CA00328B94A4000E1F08A /* Common */,
				DC0C9FFC28B94A4000E1F08A /* WalkThrough */,
				DC8EAE4E28B9D3110046228F /* Auth */,
				DC0BE6A728C0336900EA339D /* Main */,
				DCE6C2B928BDADEB00B9263C /* Profile */,
				DC0CA00128B94A4000E1F08A /* ExamplePosts */,
			);
			path = Views;
			sourceTree = "<group>";
		};
		DC0C9FFC28B94A4000E1F08A /* WalkThrough */ = {
			isa = PBXGroup;
			children = (
				DC0C9FFD28B94A4000E1F08A /* PageControl.swift */,
				DC0C9FFE28B94A4000E1F08A /* WalkThroughContainerView.swift */,
				DC0C9FFF28B94A4000E1F08A /* PageViewController.swift */,
				DC0CA00028B94A4000E1F08A /* PageView.swift */,
			);
			path = WalkThrough;
			sourceTree = "<group>";
		};
		DC0CA00128B94A4000E1F08A /* ExamplePosts */ = {
			isa = PBXGroup;
			children = (
				DC0CA00228B94A4000E1F08A /* ExamplePostsView.swift */,
				DCE6C2AF28BD4D8500B9263C /* ExamplePostsRandomAccessListView.swift */,
				DCE6C2B328BD4ED600B9263C /* ExamplePostDetailView.swift */,
				DCE6C2B128BD4EAC00B9263C /* ExamplePostRow.swift */,
			);
			path = ExamplePosts;
			sourceTree = "<group>";
		};
		DC0CA00328B94A4000E1F08A /* Common */ = {
			isa = PBXGroup;
			children = (
				DC0C9FFB28B94A4000E1F08A /* Styles.swift */,
				DCE6C2B728BD902300B9263C /* FloatingActionButton.swift */,
				DCE6C2B528BD68D600B9263C /* VisualEffectBlur.swift */,
				DC0CA00428B94A4000E1F08A /* AppAlertView.swift */,
				DC0CA00528B94A4000E1F08A /* ImagePicker.swift */,
				DC0CA00628B94A4000E1F08A /* WebView.swift */,
				DC0CA00728B94A4000E1F08A /* LottieView.swift */,
				DC0CA00828B94A4000E1F08A /* TextFieldAlertView.swift */,
			);
			path = Common;
			sourceTree = "<group>";
		};
		DC0CA00928B94A4000E1F08A /* Repositories */ = {
			isa = PBXGroup;
			children = (
				DC0CA00A28B94A4000E1F08A /* ExamplePostRepository.swift */,
			);
			path = Repositories;
			sourceTree = "<group>";
		};
		DC0CA00B28B94A4000E1F08A /* Preview Content */ = {
			isa = PBXGroup;
			children = (
				DC0CA00C28B94A4000E1F08A /* Preview Assets.xcassets */,
			);
			path = "Preview Content";
			sourceTree = "<group>";
		};
		DC0CA00D28B94A4000E1F08A /* Localization */ = {
			isa = PBXGroup;
			children = (
				DC0CA00E28B94A4000E1F08A /* Localizable.strings */,
			);
			path = Localization;
			sourceTree = "<group>";
		};
		DC6357F028B06714002D53FB = {
			isa = PBXGroup;
			children = (
				DCA37A0D28B458F2005ADEC2 /* Packages */,
				DC6357FB28B06714002D53FB /* Firappuccino-ExampleApp */,
				DC6357FA28B06714002D53FB /* Products */,
				DCA37A0F28B45942005ADEC2 /* Frameworks */,
			);
			sourceTree = "<group>";
		};
		DC6357FA28B06714002D53FB /* Products */ = {
			isa = PBXGroup;
			children = (
				DC6357F928B06714002D53FB /* Firappuccino-ExampleApp.app */,
			);
			name = Products;
			sourceTree = "<group>";
		};
		DC6357FB28B06714002D53FB /* Firappuccino-ExampleApp */ = {
			isa = PBXGroup;
			children = (
				DC0BE6A828C04EB200EA339D /* Firappuccino-ExampleApp.entitlements */,
				DCDB7B8628B491A400B42A53 /* GoogleService-Info.plist */,
				DC06B65B28DCC8570014BA61 /* messageSendPrivate._key */,
				DC06B65C28DCC8570014BA61 /* messageSendPublic._key */,
				DC32284728B4286A0099F6BE /* Info.plist */,
				DC0CA01028B94A4000E1F08A /* Assets.xcassets */,
				DC0C9FF228B94A4000E1F08A /* Animations */,
				DC0C9FF428B94A4000E1F08A /* Extensions */,
				DC0BE6A228BFE46600EA339D /* Helpers */,
				DC0CA00D28B94A4000E1F08A /* Localization */,
				DC0CA00B28B94A4000E1F08A /* Preview Content */,
				DC0CA00928B94A4000E1F08A /* Repositories */,
				DC0C9FEF28B94A4000E1F08A /* Services */,
				DC0C9FEA28B94A4000E1F08A /* Utils */,
				DC0C9FFA28B94A4000E1F08A /* Views */,
				DC0CA02D28B9568D00E1F08A /* ExampleAppConstants.swift */,
				DC6357FE28B06714002D53FB /* ContentView.swift */,
				DC6357FC28B06714002D53FB /* ExampleApp.swift */,
				DC63580028B06716002D53FB /* Assets.xcassets */,
				DC63580228B06716002D53FB /* Preview Content */,
			);
			path = "Firappuccino-ExampleApp";
			sourceTree = "<group>";
		};
		DC63580228B06716002D53FB /* Preview Content */ = {
			isa = PBXGroup;
			children = (
				DC63580328B06716002D53FB /* Preview Assets.xcassets */,
			);
			path = "Preview Content";
			sourceTree = "<group>";
		};
		DC8EAE4828B99E730046228F /* Auth */ = {
			isa = PBXGroup;
			children = (
				DC0C9FF128B94A4000E1F08A /* ExampleAuthService.swift */,
				DC0BE6A528C0330200EA339D /* AuthenticationType.swift */,
				DC0BE6A328C0329800EA339D /* LoginOptions.swift */,
				DC8EAE4928B99E8F0046228F /* ExampleFUser.swift */,
			);
			path = Auth;
			sourceTree = "<group>";
		};
		DC8EAE4E28B9D3110046228F /* Auth */ = {
			isa = PBXGroup;
			children = (
				DC8EAE4B28B9D2CE0046228F /* AuthView.swift */,
				DC8EAE4F28B9D53A0046228F /* AuthForm.swift */,
				DC8EAE5128B9D64A0046228F /* SignInAppleButton.swift */,
			);
			path = Auth;
			sourceTree = "<group>";
		};
		DCA37A0D28B458F2005ADEC2 /* Packages */ = {
			isa = PBXGroup;
			children = (
				DCA37A1128B45A39005ADEC2 /* Firappuccino */,
			);
			name = Packages;
			sourceTree = "<group>";
		};
		DCA37A0F28B45942005ADEC2 /* Frameworks */ = {
			isa = PBXGroup;
			children = (
				DC0BE6A928C04ED100EA339D /* AuthenticationServices.framework */,
			);
			name = Frameworks;
			sourceTree = "<group>";
		};
		DCE6C2B928BDADEB00B9263C /* Profile */ = {
			isa = PBXGroup;
			children = (
				DCE6C2BA28BDAEAC00B9263C /* ExampleUserProfile.swift */,
			);
			path = Profile;
			sourceTree = "<group>";
		};
/* End PBXGroup section */

/* Begin PBXNativeTarget section */
		DC6357F828B06714002D53FB /* Firappuccino-ExampleApp */ = {
			isa = PBXNativeTarget;
			buildConfigurationList = DC63580728B06716002D53FB /* Build configuration list for PBXNativeTarget "Firappuccino-ExampleApp" */;
			buildPhases = (
				DC6357F528B06714002D53FB /* Sources */,
				DC6357F628B06714002D53FB /* Frameworks */,
				DC6357F728B06714002D53FB /* Resources */,
			);
			buildRules = (
			);
			dependencies = (
			);
			name = "Firappuccino-ExampleApp";
			packageProductDependencies = (
				DCDB7B8328B45CF800B42A53 /* Firappuccino */,
				DC0C9FE728B9497300E1F08A /* Lottie */,
			);
			productName = "Firappuccino-ExampleApp";
			productReference = DC6357F928B06714002D53FB /* Firappuccino-ExampleApp.app */;
			productType = "com.apple.product-type.application";
		};
/* End PBXNativeTarget section */

/* Begin PBXProject section */
		DC6357F128B06714002D53FB /* Project object */ = {
			isa = PBXProject;
			attributes = {
				BuildIndependentTargetsInParallel = 1;
				LastSwiftUpdateCheck = 1340;
				LastUpgradeCheck = 1340;
				TargetAttributes = {
					DC6357F828B06714002D53FB = {
						CreatedOnToolsVersion = 13.4.1;
					};
				};
			};
			buildConfigurationList = DC6357F428B06714002D53FB /* Build configuration list for PBXProject "Firappuccino-ExampleApp" */;
			compatibilityVersion = "Xcode 13.0";
			developmentRegion = en;
			hasScannedForEncodings = 0;
			knownRegions = (
				en,
				Base,
			);
			mainGroup = DC6357F028B06714002D53FB;
			packageReferences = (
				DC0C9FE628B9497300E1F08A /* XCRemoteSwiftPackageReference "lottie-ios" */,
			);
			productRefGroup = DC6357FA28B06714002D53FB /* Products */;
			projectDirPath = "";
			projectRoot = "";
			targets = (
				DC6357F828B06714002D53FB /* Firappuccino-ExampleApp */,
			);
		};
/* End PBXProject section */

/* Begin PBXResourcesBuildPhase section */
		DC6357F728B06714002D53FB /* Resources */ = {
			isa = PBXResourcesBuildPhase;
			buildActionMask = 2147483647;
			files = (
				DC0CA02B28B94A4000E1F08A /* Localizable.strings in Resources */,
				DC63580128B06716002D53FB /* Assets.xcassets in Resources */,
				DC0CA02A28B94A4000E1F08A /* Preview Assets.xcassets in Resources */,
				DC0CA01828B94A4000E1F08A /* loading.json in Resources */,
				DCDB7B8728B491A500B42A53 /* GoogleService-Info.plist in Resources */,
				DC06B65E28DCC8570014BA61 /* messageSendPublic._key in Resources */,
				DC06B65D28DCC8570014BA61 /* messageSendPrivate._key in Resources */,
			);
			runOnlyForDeploymentPostprocessing = 0;
		};
/* End PBXResourcesBuildPhase section */

/* Begin PBXSourcesBuildPhase section */
		DC6357F528B06714002D53FB /* Sources */ = {
			isa = PBXSourcesBuildPhase;
			buildActionMask = 2147483647;
			files = (
				DC6357FF28B06714002D53FB /* ContentView.swift in Sources */,
				DC0CA02628B94A4000E1F08A /* WebView.swift in Sources */,
				DCE6C2B028BD4D8500B9263C /* ExamplePostsRandomAccessListView.swift in Sources */,
				DC0CA01328B94A4000E1F08A /* AnalyticsUtil.swift in Sources */,
				DC0CA01128B94A4000E1F08A /* MainView.swift in Sources */,
				DC0CA02828B94A4000E1F08A /* TextFieldAlertView.swift in Sources */,
				DC0CA01728B94A4000E1F08A /* ExampleAuthService.swift in Sources */,
				DC8EAE4A28B99E8F0046228F /* ExampleFUser.swift in Sources */,
				DCE6C2B628BD68D600B9263C /* VisualEffectBlur.swift in Sources */,
				DC8EAE5228B9D64A0046228F /* SignInAppleButton.swift in Sources */,
				DC8EAE5628BA8F870046228F /* ExamplePostService.swift in Sources */,
				DC8EAE5028B9D53A0046228F /* AuthForm.swift in Sources */,
				DC0CA01B28B94A4000E1F08A /* String+.swift in Sources */,
				DC0CA01628B94A4000E1F08A /* ExamplePostsService.swift in Sources */,
				DCE6C2B228BD4EAC00B9263C /* ExamplePostRow.swift in Sources */,
				DC0BE6A628C0330200EA339D /* AuthenticationType.swift in Sources */,
				DC0CA01E28B94A4000E1F08A /* Styles.swift in Sources */,
				DC0BE6A428C0329800EA339D /* LoginOptions.swift in Sources */,
				DC0CA02528B94A4000E1F08A /* ImagePicker.swift in Sources */,
				DCE6C2B828BD902300B9263C /* FloatingActionButton.swift in Sources */,
				DCE6C2BB28BDAEAC00B9263C /* ExampleUserProfile.swift in Sources */,
				DCE6C2BD28BDB09000B9263C /* MainTabView.swift in Sources */,
				DC0CA02228B94A4000E1F08A /* PageView.swift in Sources */,
				DC6357FD28B06714002D53FB /* ExampleApp.swift in Sources */,
				DC0CA02328B94A4000E1F08A /* ExamplePostsView.swift in Sources */,
				DC0CA01428B94A4000E1F08A /* NavigationUtil.swift in Sources */,
				DC0CA01F28B94A4000E1F08A /* PageControl.swift in Sources */,
				DCE6C2B428BD4ED600B9263C /* ExamplePostDetailView.swift in Sources */,
				DC0CA01928B94A4000E1F08A /* UIApplication+.swift in Sources */,
				DC0CA02928B94A4000E1F08A /* ExamplePostRepository.swift in Sources */,
				DC8EAE4C28B9D2CE0046228F /* AuthView.swift in Sources */,
				DC0CA02028B94A4000E1F08A /* WalkThroughContainerView.swift in Sources */,
				DC0CA02E28B9568D00E1F08A /* ExampleAppConstants.swift in Sources */,
				DC0CA01C28B94A4000E1F08A /* View+.swift in Sources */,
				DC0CA01D28B94A4000E1F08A /* Array+.swift in Sources */,
				DC0CA02128B94A4000E1F08A /* PageViewController.swift in Sources */,
				DC0CA02428B94A4000E1F08A /* AppAlertView.swift in Sources */,
				DC0CA01528B94A4000E1F08A /* AppError.swift in Sources */,
				DC0CA01A28B94A4000E1F08A /* UINavigationContoller+.swift in Sources */,
				DC8EAE5428BA8EF10046228F /* ExamplePost.swift in Sources */,
				DC0BE6A128BFE39500EA339D /* TabItem.swift in Sources */,
				DC0CA02728B94A4000E1F08A /* LottieView.swift in Sources */,
			);
			runOnlyForDeploymentPostprocessing = 0;
		};
/* End PBXSourcesBuildPhase section */

/* Begin PBXVariantGroup section */
		DC0CA00E28B94A4000E1F08A /* Localizable.strings */ = {
			isa = PBXVariantGroup;
			children = (
				DC0CA00F28B94A4000E1F08A /* en */,
			);
			name = Localizable.strings;
			sourceTree = "<group>";
		};
/* End PBXVariantGroup section */

/* Begin XCBuildConfiguration section */
		DC63580528B06716002D53FB /* Debug */ = {
			isa = XCBuildConfiguration;
			buildSettings = {
				ALWAYS_SEARCH_USER_PATHS = NO;
				CLANG_ANALYZER_NONNULL = YES;
				CLANG_ANALYZER_NUMBER_OBJECT_CONVERSION = YES_AGGRESSIVE;
				CLANG_CXX_LANGUAGE_STANDARD = "gnu++17";
				CLANG_ENABLE_MODULES = YES;
				CLANG_ENABLE_OBJC_ARC = YES;
				CLANG_ENABLE_OBJC_WEAK = YES;
				CLANG_WARN_BLOCK_CAPTURE_AUTORELEASING = YES;
				CLANG_WARN_BOOL_CONVERSION = YES;
				CLANG_WARN_COMMA = YES;
				CLANG_WARN_CONSTANT_CONVERSION = YES;
				CLANG_WARN_DEPRECATED_OBJC_IMPLEMENTATIONS = YES;
				CLANG_WARN_DIRECT_OBJC_ISA_USAGE = YES_ERROR;
				CLANG_WARN_DOCUMENTATION_COMMENTS = YES;
				CLANG_WARN_EMPTY_BODY = YES;
				CLANG_WARN_ENUM_CONVERSION = YES;
				CLANG_WARN_INFINITE_RECURSION = YES;
				CLANG_WARN_INT_CONVERSION = YES;
				CLANG_WARN_NON_LITERAL_NULL_CONVERSION = YES;
				CLANG_WARN_OBJC_IMPLICIT_RETAIN_SELF = YES;
				CLANG_WARN_OBJC_LITERAL_CONVERSION = YES;
				CLANG_WARN_OBJC_ROOT_CLASS = YES_ERROR;
				CLANG_WARN_QUOTED_INCLUDE_IN_FRAMEWORK_HEADER = YES;
				CLANG_WARN_RANGE_LOOP_ANALYSIS = YES;
				CLANG_WARN_STRICT_PROTOTYPES = YES;
				CLANG_WARN_SUSPICIOUS_MOVE = YES;
				CLANG_WARN_UNGUARDED_AVAILABILITY = YES_AGGRESSIVE;
				CLANG_WARN_UNREACHABLE_CODE = YES;
				CLANG_WARN__DUPLICATE_METHOD_MATCH = YES;
				COPY_PHASE_STRIP = NO;
				DEBUG_INFORMATION_FORMAT = dwarf;
				ENABLE_STRICT_OBJC_MSGSEND = YES;
				ENABLE_TESTABILITY = YES;
				GCC_C_LANGUAGE_STANDARD = gnu11;
				GCC_DYNAMIC_NO_PIC = NO;
				GCC_NO_COMMON_BLOCKS = YES;
				GCC_OPTIMIZATION_LEVEL = 0;
				GCC_PREPROCESSOR_DEFINITIONS = (
					"DEBUG=1",
					"$(inherited)",
				);
				GCC_WARN_64_TO_32_BIT_CONVERSION = YES;
				GCC_WARN_ABOUT_RETURN_TYPE = YES_ERROR;
				GCC_WARN_UNDECLARED_SELECTOR = YES;
				GCC_WARN_UNINITIALIZED_AUTOS = YES_AGGRESSIVE;
				GCC_WARN_UNUSED_FUNCTION = YES;
				GCC_WARN_UNUSED_VARIABLE = YES;
				IPHONEOS_DEPLOYMENT_TARGET = 15.5;
				MTL_ENABLE_DEBUG_INFO = INCLUDE_SOURCE;
				MTL_FAST_MATH = YES;
				ONLY_ACTIVE_ARCH = YES;
				SDKROOT = iphoneos;
				SWIFT_ACTIVE_COMPILATION_CONDITIONS = DEBUG;
				SWIFT_OPTIMIZATION_LEVEL = "-Onone";
			};
			name = Debug;
		};
		DC63580628B06716002D53FB /* Release */ = {
			isa = XCBuildConfiguration;
			buildSettings = {
				ALWAYS_SEARCH_USER_PATHS = NO;
				CLANG_ANALYZER_NONNULL = YES;
				CLANG_ANALYZER_NUMBER_OBJECT_CONVERSION = YES_AGGRESSIVE;
				CLANG_CXX_LANGUAGE_STANDARD = "gnu++17";
				CLANG_ENABLE_MODULES = YES;
				CLANG_ENABLE_OBJC_ARC = YES;
				CLANG_ENABLE_OBJC_WEAK = YES;
				CLANG_WARN_BLOCK_CAPTURE_AUTORELEASING = YES;
				CLANG_WARN_BOOL_CONVERSION = YES;
				CLANG_WARN_COMMA = YES;
				CLANG_WARN_CONSTANT_CONVERSION = YES;
				CLANG_WARN_DEPRECATED_OBJC_IMPLEMENTATIONS = YES;
				CLANG_WARN_DIRECT_OBJC_ISA_USAGE = YES_ERROR;
				CLANG_WARN_DOCUMENTATION_COMMENTS = YES;
				CLANG_WARN_EMPTY_BODY = YES;
				CLANG_WARN_ENUM_CONVERSION = YES;
				CLANG_WARN_INFINITE_RECURSION = YES;
				CLANG_WARN_INT_CONVERSION = YES;
				CLANG_WARN_NON_LITERAL_NULL_CONVERSION = YES;
				CLANG_WARN_OBJC_IMPLICIT_RETAIN_SELF = YES;
				CLANG_WARN_OBJC_LITERAL_CONVERSION = YES;
				CLANG_WARN_OBJC_ROOT_CLASS = YES_ERROR;
				CLANG_WARN_QUOTED_INCLUDE_IN_FRAMEWORK_HEADER = YES;
				CLANG_WARN_RANGE_LOOP_ANALYSIS = YES;
				CLANG_WARN_STRICT_PROTOTYPES = YES;
				CLANG_WARN_SUSPICIOUS_MOVE = YES;
				CLANG_WARN_UNGUARDED_AVAILABILITY = YES_AGGRESSIVE;
				CLANG_WARN_UNREACHABLE_CODE = YES;
				CLANG_WARN__DUPLICATE_METHOD_MATCH = YES;
				COPY_PHASE_STRIP = NO;
				DEBUG_INFORMATION_FORMAT = "dwarf-with-dsym";
				ENABLE_NS_ASSERTIONS = NO;
				ENABLE_STRICT_OBJC_MSGSEND = YES;
				GCC_C_LANGUAGE_STANDARD = gnu11;
				GCC_NO_COMMON_BLOCKS = YES;
				GCC_WARN_64_TO_32_BIT_CONVERSION = YES;
				GCC_WARN_ABOUT_RETURN_TYPE = YES_ERROR;
				GCC_WARN_UNDECLARED_SELECTOR = YES;
				GCC_WARN_UNINITIALIZED_AUTOS = YES_AGGRESSIVE;
				GCC_WARN_UNUSED_FUNCTION = YES;
				GCC_WARN_UNUSED_VARIABLE = YES;
				IPHONEOS_DEPLOYMENT_TARGET = 15.5;
				MTL_ENABLE_DEBUG_INFO = NO;
				MTL_FAST_MATH = YES;
				SDKROOT = iphoneos;
				SWIFT_COMPILATION_MODE = wholemodule;
				SWIFT_OPTIMIZATION_LEVEL = "-O";
				VALIDATE_PRODUCT = YES;
			};
			name = Release;
		};
		DC63580828B06716002D53FB /* Debug */ = {
			isa = XCBuildConfiguration;
			buildSettings = {
				ASSETCATALOG_COMPILER_APPICON_NAME = AppIcon;
				ASSETCATALOG_COMPILER_GLOBAL_ACCENT_COLOR_NAME = AccentColor;
				CODE_SIGN_ENTITLEMENTS = "Firappuccino-ExampleApp/Firappuccino-ExampleApp.entitlements";
				CODE_SIGN_STYLE = Automatic;
				CURRENT_PROJECT_VERSION = 1;
				DEVELOPMENT_ASSET_PATHS = "\"Firappuccino-ExampleApp/Preview Content\"";
				DEVELOPMENT_TEAM = HSRQC9N69B;
				ENABLE_PREVIEWS = YES;
				GENERATE_INFOPLIST_FILE = YES;
				INFOPLIST_FILE = "Firappuccino-ExampleApp/Info.plist";
				INFOPLIST_KEY_UIApplicationSceneManifest_Generation = YES;
				INFOPLIST_KEY_UIApplicationSupportsIndirectInputEvents = YES;
				INFOPLIST_KEY_UILaunchScreen_Generation = YES;
				INFOPLIST_KEY_UISupportedInterfaceOrientations_iPad = "UIInterfaceOrientationPortrait UIInterfaceOrientationPortraitUpsideDown UIInterfaceOrientationLandscapeLeft UIInterfaceOrientationLandscapeRight";
				INFOPLIST_KEY_UISupportedInterfaceOrientations_iPhone = "UIInterfaceOrientationPortrait UIInterfaceOrientationLandscapeLeft UIInterfaceOrientationLandscapeRight";
				LD_RUNPATH_SEARCH_PATHS = (
					"$(inherited)",
					"@executable_path/Frameworks",
				);
				MARKETING_VERSION = 1.0;
				PRODUCT_BUNDLE_IDENTIFIER = "com.firappuccino.Firappuccino-ExampleApp";
				PRODUCT_NAME = "$(TARGET_NAME)";
				SWIFT_EMIT_LOC_STRINGS = YES;
				SWIFT_VERSION = 5.0;
				TARGETED_DEVICE_FAMILY = "1,2";
			};
			name = Debug;
		};
		DC63580928B06716002D53FB /* Release */ = {
			isa = XCBuildConfiguration;
			buildSettings = {
				ASSETCATALOG_COMPILER_APPICON_NAME = AppIcon;
				ASSETCATALOG_COMPILER_GLOBAL_ACCENT_COLOR_NAME = AccentColor;
				CODE_SIGN_ENTITLEMENTS = "Firappuccino-ExampleApp/Firappuccino-ExampleApp.entitlements";
				CODE_SIGN_STYLE = Automatic;
				CURRENT_PROJECT_VERSION = 1;
				DEVELOPMENT_ASSET_PATHS = "\"Firappuccino-ExampleApp/Preview Content\"";
				DEVELOPMENT_TEAM = HSRQC9N69B;
				ENABLE_PREVIEWS = YES;
				GENERATE_INFOPLIST_FILE = YES;
				INFOPLIST_FILE = "Firappuccino-ExampleApp/Info.plist";
				INFOPLIST_KEY_UIApplicationSceneManifest_Generation = YES;
				INFOPLIST_KEY_UIApplicationSupportsIndirectInputEvents = YES;
				INFOPLIST_KEY_UILaunchScreen_Generation = YES;
				INFOPLIST_KEY_UISupportedInterfaceOrientations_iPad = "UIInterfaceOrientationPortrait UIInterfaceOrientationPortraitUpsideDown UIInterfaceOrientationLandscapeLeft UIInterfaceOrientationLandscapeRight";
				INFOPLIST_KEY_UISupportedInterfaceOrientations_iPhone = "UIInterfaceOrientationPortrait UIInterfaceOrientationLandscapeLeft UIInterfaceOrientationLandscapeRight";
				LD_RUNPATH_SEARCH_PATHS = (
					"$(inherited)",
					"@executable_path/Frameworks",
				);
				MARKETING_VERSION = 1.0;
				PRODUCT_BUNDLE_IDENTIFIER = "com.firappuccino.Firappuccino-ExampleApp";
				PRODUCT_NAME = "$(TARGET_NAME)";
				SWIFT_EMIT_LOC_STRINGS = YES;
				SWIFT_VERSION = 5.0;
				TARGETED_DEVICE_FAMILY = "1,2";
			};
			name = Release;
		};
/* End XCBuildConfiguration section */

/* Begin XCConfigurationList section */
		DC6357F428B06714002D53FB /* Build configuration list for PBXProject "Firappuccino-ExampleApp" */ = {
			isa = XCConfigurationList;
			buildConfigurations = (
				DC63580528B06716002D53FB /* Debug */,
				DC63580628B06716002D53FB /* Release */,
			);
			defaultConfigurationIsVisible = 0;
			defaultConfigurationName = Release;
		};
		DC63580728B06716002D53FB /* Build configuration list for PBXNativeTarget "Firappuccino-ExampleApp" */ = {
			isa = XCConfigurationList;
			buildConfigurations = (
				DC63580828B06716002D53FB /* Debug */,
				DC63580928B06716002D53FB /* Release */,
			);
			defaultConfigurationIsVisible = 0;
			defaultConfigurationName = Release;
		};
/* End XCConfigurationList section */

/* Begin XCRemoteSwiftPackageReference section */
		DC0C9FE628B9497300E1F08A /* XCRemoteSwiftPackageReference "lottie-ios" */ = {
			isa = XCRemoteSwiftPackageReference;
			repositoryURL = "https://github.com/airbnb/lottie-ios.git";
			requirement = {
				kind = upToNextMajorVersion;
				minimumVersion = 3.0.0;
			};
		};
/* End XCRemoteSwiftPackageReference section */

/* Begin XCSwiftPackageProductDependency section */
		DC0C9FE728B9497300E1F08A /* Lottie */ = {
			isa = XCSwiftPackageProductDependency;
			package = DC0C9FE628B9497300E1F08A /* XCRemoteSwiftPackageReference "lottie-ios" */;
			productName = Lottie;
		};
		DCDB7B8328B45CF800B42A53 /* Firappuccino */ = {
			isa = XCSwiftPackageProductDependency;
			productName = Firappuccino;
		};
/* End XCSwiftPackageProductDependency section */
	};
	rootObject = DC6357F128B06714002D53FB /* Project object */;
}
